
Microsoft Visual Studio Solution File, Format Version 12.00
# Visual Studio 15
VisualStudioVersion = 15.0.27130.2010
MinimumVisualStudioVersion = 10.0.40219.1
Project("{FAE04EC0-301F-11D3-BF4B-00C04F79EFBC}") = "Grumpy.Common", "Grumpy.Common\Grumpy.Common.csproj", "{1B3CF45D-09B7-4D21-B112-857B7DD8387A}"
EndProject
Project("{2150E333-8FDC-42A3-9474-1A3956D46DE8}") = "Tests", "Tests", "{83D81B02-10D6-4A2A-B35B-3FD802416AFE}"
EndProject
Project("{2150E333-8FDC-42A3-9474-1A3956D46DE8}") = "Solution Items", "Solution Items", "{60D6CABD-5C48-411E-A09B-B93879D4F7AA}"
	ProjectSection(SolutionItems) = preProject
		.gitignore = .gitignore
		LICENSE = LICENSE
		README.md = README.md
	EndProjectSection
EndProject
Project("{FAE04EC0-301F-11D3-BF4B-00C04F79EFBC}") = "Grumpy.Common.UnitTests", "Grumpy.Common.UnitTests\Grumpy.Common.UnitTests.csproj", "{81BE4329-1F4B-4B7B-8D4D-3F3297EB9806}"
EndProject
Project("{FAE04EC0-301F-11D3-BF4B-00C04F79EFBC}") = "Grumpy.Common.IntegrationTests", "Grumpy.Common.IntegrationTests\Grumpy.Common.IntegrationTests.csproj", "{1F281908-A306-47EE-BF11-599940A0ADD3}"
EndProject
Global
	GlobalSection(SolutionConfigurationPlatforms) = preSolution
		Debug|Any CPU = Debug|Any CPU
		Release|Any CPU = Release|Any CPU
	EndGlobalSection
	GlobalSection(ProjectConfigurationPlatforms) = postSolution
		{1B3CF45D-09B7-4D21-B112-857B7DD8387A}.Debug|Any CPU.ActiveCfg = Debug|Any CPU
		{1B3CF45D-09B7-4D21-B112-857B7DD8387A}.Debug|Any CPU.Build.0 = Debug|Any CPU
		{1B3CF45D-09B7-4D21-B112-857B7DD8387A}.Release|Any CPU.ActiveCfg = Release|Any CPU
		{1B3CF45D-09B7-4D21-B112-857B7DD8387A}.Release|Any CPU.Build.0 = Release|Any CPU
		{81BE4329-1F4B-4B7B-8D4D-3F3297EB9806}.Debug|Any CPU.ActiveCfg = Debug|Any CPU
		{81BE4329-1F4B-4B7B-8D4D-3F3297EB9806}.Debug|Any CPU.Build.0 = Debug|Any CPU
		{81BE4329-1F4B-4B7B-8D4D-3F3297EB9806}.Release|Any CPU.ActiveCfg = Release|Any CPU
		{81BE4329-1F4B-4B7B-8D4D-3F3297EB9806}.Release|Any CPU.Build.0 = Release|Any CPU
		{1F281908-A306-47EE-BF11-599940A0ADD3}.Debug|Any CPU.ActiveCfg = Debug|Any CPU
		{1F281908-A306-47EE-BF11-599940A0ADD3}.Debug|Any CPU.Build.0 = Debug|Any CPU
		{1F281908-A306-47EE-BF11-599940A0ADD3}.Release|Any CPU.ActiveCfg = Release|Any CPU
		{1F281908-A306-47EE-BF11-599940A0ADD3}.Release|Any CPU.Build.0 = Release|Any CPU
	EndGlobalSection
	GlobalSection(SolutionProperties) = preSolution
		HideSolutionNode = FALSE
	EndGlobalSection
	GlobalSection(NestedProjects) = preSolution
		{81BE4329-1F4B-4B7B-8D4D-3F3297EB9806} = {83D81B02-10D6-4A2A-B35B-3FD802416AFE}
		{1F281908-A306-47EE-BF11-599940A0ADD3} = {83D81B02-10D6-4A2A-B35B-3FD802416AFE}
	EndGlobalSection
	GlobalSection(ExtensibilityGlobals) = postSolution
		SolutionGuid = {3118C520-E161-4DED-974E-1FA4DEB61A25}
	EndGlobalSection
EndGlobal
